
Microsoft Visual Studio Solution File, Format Version 12.00
# Visual Studio Version 17
VisualStudioVersion = 17.14.36414.22 d17.14
MinimumVisualStudioVersion = 10.0.40219.1
Project("{888888A0-9F3D-457C-B088-3A5042F75D52}") = "PhantomGUI", "PhantomGUI.pyproj", "{B700A950-14C5-4A98-A3D5-2B4C1F2FB3C0}"
EndProject
Global
	GlobalSection(SolutionConfigurationPlatforms) = preSolution
		Debug|Any CPU = Debug|Any CPU
		Release|Any CPU = Release|Any CPU
	EndGlobalSection
	GlobalSection(ProjectConfigurationPlatforms) = postSolution
		{B700A950-14C5-4A98-A3D5-2B4C1F2FB3C0}.Debug|Any CPU.ActiveCfg = Debug|Any CPU
		{B700A950-14C5-4A98-A3D5-2B4C1F2FB3C0}.Release|Any CPU.ActiveCfg = Release|Any CPU
	EndGlobalSection
	GlobalSection(SolutionProperties) = preSolution
		HideSolutionNode = FALSE
	EndGlobalSection
	GlobalSection(ExtensibilityGlobals) = postSolution
		SolutionGuid = {03AF52F3-A995-45D3-A155-AD3060E2A94F}
	EndGlobalSection
EndGlobal
